
Microsoft Visual Studio Solution File, Format Version 12.00
# Visual Studio 15
Project("{FAE04EC0-301F-11D3-BF4B-00C04F79EFBC}") = "Assembly-CSharp-firstpass", "Assembly-CSharp-firstpass.csproj", "{FADCFD26-7F0B-4EAB-0FE8-13F5460B9E80}"
EndProject
Project("{FAE04EC0-301F-11D3-BF4B-00C04F79EFBC}") = "Assembly-CSharp", "Assembly-CSharp.csproj", "{714C8FA3-4EE9-3003-024F-1B3AAFC66C88}"
EndProject
Project("{FAE04EC0-301F-11D3-BF4B-00C04F79EFBC}") = "Assembly-CSharp-firstpass", "Assembly-CSharp-firstpass.Player.csproj", "{BD225E89-DDC9-5E8A-EBC2-00DBC9B1E1AF}"
EndProject
Project("{FAE04EC0-301F-11D3-BF4B-00C04F79EFBC}") = "Assembly-CSharp", "Assembly-CSharp.Player.csproj", "{59F27756-B689-EF0C-DBC8-45B6E331275B}"
EndProject
Global
	GlobalSection(SolutionConfigurationPlatforms) = preSolution
		Debug|Any CPU = Debug|Any CPU
		Release|Any CPU = Release|Any CPU
	EndGlobalSection
	GlobalSection(ProjectConfigurationPlatforms) = postSolution
		{FADCFD26-7F0B-4EAB-0FE8-13F5460B9E80}.Debug|Any CPU.ActiveCfg = Debug|Any CPU
		{FADCFD26-7F0B-4EAB-0FE8-13F5460B9E80}.Debug|Any CPU.Build.0 = Debug|Any CPU
		{FADCFD26-7F0B-4EAB-0FE8-13F5460B9E80}.Release|Any CPU.ActiveCfg = Release|Any CPU
		{FADCFD26-7F0B-4EAB-0FE8-13F5460B9E80}.Release|Any CPU.Build.0 = Release|Any CPU
		{714C8FA3-4EE9-3003-024F-1B3AAFC66C88}.Debug|Any CPU.ActiveCfg = Debug|Any CPU
		{714C8FA3-4EE9-3003-024F-1B3AAFC66C88}.Debug|Any CPU.Build.0 = Debug|Any CPU
		{714C8FA3-4EE9-3003-024F-1B3AAFC66C88}.Release|Any CPU.ActiveCfg = Release|Any CPU
		{714C8FA3-4EE9-3003-024F-1B3AAFC66C88}.Release|Any CPU.Build.0 = Release|Any CPU
		{BD225E89-DDC9-5E8A-EBC2-00DBC9B1E1AF}.Debug|Any CPU.ActiveCfg = Debug|Any CPU
		{BD225E89-DDC9-5E8A-EBC2-00DBC9B1E1AF}.Debug|Any CPU.Build.0 = Debug|Any CPU
		{BD225E89-DDC9-5E8A-EBC2-00DBC9B1E1AF}.Release|Any CPU.ActiveCfg = Release|Any CPU
		{BD225E89-DDC9-5E8A-EBC2-00DBC9B1E1AF}.Release|Any CPU.Build.0 = Release|Any CPU
		{59F27756-B689-EF0C-DBC8-45B6E331275B}.Debug|Any CPU.ActiveCfg = Debug|Any CPU
		{59F27756-B689-EF0C-DBC8-45B6E331275B}.Debug|Any CPU.Build.0 = Debug|Any CPU
		{59F27756-B689-EF0C-DBC8-45B6E331275B}.Release|Any CPU.ActiveCfg = Release|Any CPU
		{59F27756-B689-EF0C-DBC8-45B6E331275B}.Release|Any CPU.Build.0 = Release|Any CPU
	EndGlobalSection
	GlobalSection(SolutionProperties) = preSolution
		HideSolutionNode = FALSE
	EndGlobalSection
EndGlobal
